
Microsoft Visual Studio Solution File, Format Version 12.00
# Visual Studio 15
VisualStudioVersion = 15.0.28307.168
MinimumVisualStudioVersion = 10.0.40219.1
Project("{FAE04EC0-301F-11D3-BF4B-00C04F79EFBC}") = "RiskofRain2RichPresence", "RiskofRain2RichPresence.csproj", "{2A9C8EA9-0C1E-42DF-94CC-12D7364AF1D1}"
EndProject
Global
	GlobalSection(SolutionConfigurationPlatforms) = preSolution
		Debug|Any CPU = Debug|Any CPU
		Release|Any CPU = Release|Any CPU
	EndGlobalSection
	GlobalSection(ProjectConfigurationPlatforms) = postSolution
		{2A9C8EA9-0C1E-42DF-94CC-12D7364AF1D1}.Debug|Any CPU.ActiveCfg = Debug|Any CPU
		{2A9C8EA9-0C1E-42DF-94CC-12D7364AF1D1}.Debug|Any CPU.Build.0 = Debug|Any CPU
		{2A9C8EA9-0C1E-42DF-94CC-12D7364AF1D1}.Release|Any CPU.ActiveCfg = Release|Any CPU
		{2A9C8EA9-0C1E-42DF-94CC-12D7364AF1D1}.Release|Any CPU.Build.0 = Release|Any CPU
	EndGlobalSection
	GlobalSection(SolutionProperties) = preSolution
		HideSolutionNode = FALSE
	EndGlobalSection
	GlobalSection(ExtensibilityGlobals) = postSolution
		SolutionGuid = {3B72E3AB-731B-4374-8DAB-5C19F7D93D58}
	EndGlobalSection
EndGlobal
